// !$*UTF8*$!
{
	archiveVersion = 1;
	classes = {
	};
	objectVersion = 51;
	objects = {

/* Begin PBXBuildFile section */
		6D03BC79C25988A87056F069 /* Pods_Barcode_Scanner__macOS_.framework in Frameworks */ = {isa = PBXBuildFile; fileRef = 3A5C811FCECA340B4B3707E8 /* Pods_Barcode_Scanner__macOS_.framework */; };
		DF11B732C4B841F6A4834B0F /* amplifyconfiguration.json in Resources */ = {isa = PBXBuildFile; fileRef = 5DC9934037684554A742F948 /* amplifyconfiguration.json */; };
		EF7D599A25CEEAD900B690D3 /* Barcode_ScannerApp.swift in Sources */ = {isa = PBXBuildFile; fileRef = EF7D598725CEEAD900B690D3 /* Barcode_ScannerApp.swift */; };
		EF7D599B25CEEAD900B690D3 /* Barcode_ScannerApp.swift in Sources */ = {isa = PBXBuildFile; fileRef = EF7D598725CEEAD900B690D3 /* Barcode_ScannerApp.swift */; };
		EF7D599C25CEEAD900B690D3 /* BarcodeScannerView.swift in Sources */ = {isa = PBXBuildFile; fileRef = EF7D598825CEEAD900B690D3 /* BarcodeScannerView.swift */; };
		EF7D599D25CEEAD900B690D3 /* BarcodeScannerView.swift in Sources */ = {isa = PBXBuildFile; fileRef = EF7D598825CEEAD900B690D3 /* BarcodeScannerView.swift */; };
		EF7D599E25CEEAD900B690D3 /* Assets.xcassets in Resources */ = {isa = PBXBuildFile; fileRef = EF7D598925CEEAD900B690D3 /* Assets.xcassets */; };
		EF7D599F25CEEAD900B690D3 /* Assets.xcassets in Resources */ = {isa = PBXBuildFile; fileRef = EF7D598925CEEAD900B690D3 /* Assets.xcassets */; };
		EF7D59AF25CEF29500B690D3 /* ScannerVC.swift in Sources */ = {isa = PBXBuildFile; fileRef = EF7D59AE25CEF29500B690D3 /* ScannerVC.swift */; };
		EF800D2425D2C5AD00767EFF /* BarcodeScannerViewModel.swift in Sources */ = {isa = PBXBuildFile; fileRef = EF800D2325D2C5AD00767EFF /* BarcodeScannerViewModel.swift */; };
		EF800D2525D2C5AD00767EFF /* BarcodeScannerViewModel.swift in Sources */ = {isa = PBXBuildFile; fileRef = EF800D2325D2C5AD00767EFF /* BarcodeScannerViewModel.swift */; };
		EF8A914B25D337B700BBE791 /* schema.graphql in Resources */ = {isa = PBXBuildFile; fileRef = EF8A914A25D337B700BBE791 /* schema.graphql */; };
		EFF49C9A25D18F3F00DE6631 /* ScannerView.swift in Sources */ = {isa = PBXBuildFile; fileRef = EFF49C9925D18F3F00DE6631 /* ScannerView.swift */; };
		EFF49C9B25D18F3F00DE6631 /* ScannerView.swift in Sources */ = {isa = PBXBuildFile; fileRef = EFF49C9925D18F3F00DE6631 /* ScannerView.swift */; };
		EFF49CA325D1C85800DE6631 /* ProductDetail.swift in Sources */ = {isa = PBXBuildFile; fileRef = EFF49CA225D1C85800DE6631 /* ProductDetail.swift */; };
		EFF49CA425D1C85800DE6631 /* ProductDetail.swift in Sources */ = {isa = PBXBuildFile; fileRef = EFF49CA225D1C85800DE6631 /* ProductDetail.swift */; };
		EFF49CA925D1C94B00DE6631 /* NetworkManager.swift in Sources */ = {isa = PBXBuildFile; fileRef = EFF49CA825D1C94B00DE6631 /* NetworkManager.swift */; };
		EFF49CAA25D1C94B00DE6631 /* NetworkManager.swift in Sources */ = {isa = PBXBuildFile; fileRef = EFF49CA825D1C94B00DE6631 /* NetworkManager.swift */; };
		EFF49CB125D1CA5E00DE6631 /* ScanError.swift in Sources */ = {isa = PBXBuildFile; fileRef = EFF49CB025D1CA5E00DE6631 /* ScanError.swift */; };
		EFF49CB225D1CA5E00DE6631 /* ScanError.swift in Sources */ = {isa = PBXBuildFile; fileRef = EFF49CB025D1CA5E00DE6631 /* ScanError.swift */; };
		EFF49CB925D1CAA000DE6631 /* Item.swift in Sources */ = {isa = PBXBuildFile; fileRef = EFF49CB825D1CAA000DE6631 /* Item.swift */; };
		EFF49CBA25D1CAA000DE6631 /* Item.swift in Sources */ = {isa = PBXBuildFile; fileRef = EFF49CB825D1CAA000DE6631 /* Item.swift */; };
		F5193439E4D4438C9DFEB01B /* awsconfiguration.json in Resources */ = {isa = PBXBuildFile; fileRef = CF25145C78CC46DAAC931EEA /* awsconfiguration.json */; };
		F77F2D4006577F2F37C5E382 /* Pods_Barcode_Scanner__iOS_.framework in Frameworks */ = {isa = PBXBuildFile; fileRef = 9D3EC541E932D99664E6B337 /* Pods_Barcode_Scanner__iOS_.framework */; };
		A925795B1A7F4189AF55A816 /* AmplifyModels.swift in Sources */ = {isa = PBXBuildFile; fileRef = 6F5E22FFCB0843AEB962A71C /* AmplifyModels.swift */; };
		2034A85587294E52B031D4C1 /* ProductStored.swift in Sources */ = {isa = PBXBuildFile; fileRef = 64AEA0C4D89745B49E00D284 /* ProductStored.swift */; };
		71CE3A3F060641E0B814684E /* ProductStored+Schema.swift in Sources */ = {isa = PBXBuildFile; fileRef = 7C80B86E5EC545098FCD32B2 /* ProductStored+Schema.swift */; };
/* End PBXBuildFile section */

/* Begin PBXFileReference section */
		15ED7D1AE98B4642ACF5B948 /* Pods-Barcode Scanner (iOS).release.xcconfig */ = {isa = PBXFileReference; includeInIndex = 1; lastKnownFileType = text.xcconfig; name = "Pods-Barcode Scanner (iOS).release.xcconfig"; path = "Target Support Files/Pods-Barcode Scanner (iOS)/Pods-Barcode Scanner (iOS).release.xcconfig"; sourceTree = "<group>"; };
		3A5C811FCECA340B4B3707E8 /* Pods_Barcode_Scanner__macOS_.framework */ = {isa = PBXFileReference; explicitFileType = wrapper.framework; includeInIndex = 0; path = Pods_Barcode_Scanner__macOS_.framework; sourceTree = BUILT_PRODUCTS_DIR; };
		406E495F7F6C4BAC8BA80EA1 /* amplifytools.xcconfig */ = {isa = PBXFileReference; explicitFileType = undefined; fileEncoding = 4; includeInIndex = 0; lastKnownFileType = text.xcconfig; path = amplifytools.xcconfig; sourceTree = "<group>"; };
		488CC8E00F3506FFAB43E0D8 /* Pods-Barcode Scanner (macOS).release.xcconfig */ = {isa = PBXFileReference; includeInIndex = 1; lastKnownFileType = text.xcconfig; name = "Pods-Barcode Scanner (macOS).release.xcconfig"; path = "Target Support Files/Pods-Barcode Scanner (macOS)/Pods-Barcode Scanner (macOS).release.xcconfig"; sourceTree = "<group>"; };
		5DC9934037684554A742F948 /* amplifyconfiguration.json */ = {isa = PBXFileReference; explicitFileType = undefined; fileEncoding = 9; includeInIndex = 0; lastKnownFileType = unknown; path = amplifyconfiguration.json; sourceTree = "<group>"; };
		8BDA1AFAC556A5C833D0BFBD /* Pods-Barcode Scanner (macOS).debug.xcconfig */ = {isa = PBXFileReference; includeInIndex = 1; lastKnownFileType = text.xcconfig; name = "Pods-Barcode Scanner (macOS).debug.xcconfig"; path = "Target Support Files/Pods-Barcode Scanner (macOS)/Pods-Barcode Scanner (macOS).debug.xcconfig"; sourceTree = "<group>"; };
		9D3EC541E932D99664E6B337 /* Pods_Barcode_Scanner__iOS_.framework */ = {isa = PBXFileReference; explicitFileType = wrapper.framework; includeInIndex = 0; path = Pods_Barcode_Scanner__iOS_.framework; sourceTree = BUILT_PRODUCTS_DIR; };
		CF25145C78CC46DAAC931EEA /* awsconfiguration.json */ = {isa = PBXFileReference; explicitFileType = undefined; fileEncoding = 9; includeInIndex = 0; lastKnownFileType = unknown; path = awsconfiguration.json; sourceTree = "<group>"; };
		EF7D598725CEEAD900B690D3 /* Barcode_ScannerApp.swift */ = {isa = PBXFileReference; lastKnownFileType = sourcecode.swift; path = Barcode_ScannerApp.swift; sourceTree = "<group>"; };
		EF7D598825CEEAD900B690D3 /* BarcodeScannerView.swift */ = {isa = PBXFileReference; lastKnownFileType = sourcecode.swift; path = BarcodeScannerView.swift; sourceTree = "<group>"; };
		EF7D598925CEEAD900B690D3 /* Assets.xcassets */ = {isa = PBXFileReference; lastKnownFileType = folder.assetcatalog; path = Assets.xcassets; sourceTree = "<group>"; };
		EF7D598E25CEEAD900B690D3 /* Barcode Scanner.app */ = {isa = PBXFileReference; explicitFileType = wrapper.application; includeInIndex = 0; path = "Barcode Scanner.app"; sourceTree = BUILT_PRODUCTS_DIR; };
		EF7D599125CEEAD900B690D3 /* Info.plist */ = {isa = PBXFileReference; lastKnownFileType = text.plist.xml; path = Info.plist; sourceTree = "<group>"; };
		EF7D599625CEEAD900B690D3 /* Barcode Scanner.app */ = {isa = PBXFileReference; explicitFileType = wrapper.application; includeInIndex = 0; path = "Barcode Scanner.app"; sourceTree = BUILT_PRODUCTS_DIR; };
		EF7D599825CEEAD900B690D3 /* Info.plist */ = {isa = PBXFileReference; lastKnownFileType = text.plist.xml; path = Info.plist; sourceTree = "<group>"; };
		EF7D599925CEEAD900B690D3 /* macOS.entitlements */ = {isa = PBXFileReference; lastKnownFileType = text.plist.entitlements; path = macOS.entitlements; sourceTree = "<group>"; };
		EF7D59AE25CEF29500B690D3 /* ScannerVC.swift */ = {isa = PBXFileReference; lastKnownFileType = sourcecode.swift; path = ScannerVC.swift; sourceTree = "<group>"; };
		EF800D2325D2C5AD00767EFF /* BarcodeScannerViewModel.swift */ = {isa = PBXFileReference; lastKnownFileType = sourcecode.swift; path = BarcodeScannerViewModel.swift; sourceTree = "<group>"; };
		EF8A914A25D337B700BBE791 /* schema.graphql */ = {isa = PBXFileReference; lastKnownFileType = text; name = schema.graphql; path = amplify/backend/api/amplifyDatasource/schema.graphql; sourceTree = SOURCE_ROOT; };
		EFF49C9925D18F3F00DE6631 /* ScannerView.swift */ = {isa = PBXFileReference; lastKnownFileType = sourcecode.swift; path = ScannerView.swift; sourceTree = "<group>"; };
		EFF49CA225D1C85800DE6631 /* ProductDetail.swift */ = {isa = PBXFileReference; lastKnownFileType = sourcecode.swift; path = ProductDetail.swift; sourceTree = "<group>"; };
		EFF49CA825D1C94B00DE6631 /* NetworkManager.swift */ = {isa = PBXFileReference; lastKnownFileType = sourcecode.swift; path = NetworkManager.swift; sourceTree = "<group>"; };
		EFF49CB025D1CA5E00DE6631 /* ScanError.swift */ = {isa = PBXFileReference; lastKnownFileType = sourcecode.swift; path = ScanError.swift; sourceTree = "<group>"; };
		EFF49CB825D1CAA000DE6631 /* Item.swift */ = {isa = PBXFileReference; lastKnownFileType = sourcecode.swift; path = Item.swift; sourceTree = "<group>"; };
		F690F0E5997DB3E6F39E3E51 /* Pods-Barcode Scanner (iOS).debug.xcconfig */ = {isa = PBXFileReference; includeInIndex = 1; lastKnownFileType = text.xcconfig; name = "Pods-Barcode Scanner (iOS).debug.xcconfig"; path = "Target Support Files/Pods-Barcode Scanner (iOS)/Pods-Barcode Scanner (iOS).debug.xcconfig"; sourceTree = "<group>"; };
		6F5E22FFCB0843AEB962A71C /* AmplifyModels.swift */ = {isa = PBXFileReference; name = "AmplifyModels.swift"; path = "amplify/generated/models/AmplifyModels.swift"; sourceTree = "<group>"; fileEncoding = 4; lastKnownFileType = sourcecode.swift; explicitFileType = undefined; includeInIndex = 0; };
		64AEA0C4D89745B49E00D284 /* ProductStored.swift */ = {isa = PBXFileReference; name = "ProductStored.swift"; path = "amplify/generated/models/ProductStored.swift"; sourceTree = "<group>"; fileEncoding = 4; lastKnownFileType = sourcecode.swift; explicitFileType = undefined; includeInIndex = 0; };
		7C80B86E5EC545098FCD32B2 /* ProductStored+Schema.swift */ = {isa = PBXFileReference; name = "ProductStored+Schema.swift"; path = "amplify/generated/models/ProductStored+Schema.swift"; sourceTree = "<group>"; fileEncoding = 4; lastKnownFileType = sourcecode.swift; explicitFileType = undefined; includeInIndex = 0; };
/* End PBXFileReference section */

/* Begin PBXFrameworksBuildPhase section */
		EF7D598B25CEEAD900B690D3 /* Frameworks */ = {
			isa = PBXFrameworksBuildPhase;
			buildActionMask = 2147483647;
			files = (
				F77F2D4006577F2F37C5E382 /* Pods_Barcode_Scanner__iOS_.framework in Frameworks */,
			);
			runOnlyForDeploymentPostprocessing = 0;
		};
		EF7D599325CEEAD900B690D3 /* Frameworks */ = {
			isa = PBXFrameworksBuildPhase;
			buildActionMask = 2147483647;
			files = (
				6D03BC79C25988A87056F069 /* Pods_Barcode_Scanner__macOS_.framework in Frameworks */,
			);
			runOnlyForDeploymentPostprocessing = 0;
		};
/* End PBXFrameworksBuildPhase section */

/* Begin PBXGroup section */
		B822AB050C2BA8E0D39D87A3 /* Frameworks */ = {
			isa = PBXGroup;
			children = (
				9D3EC541E932D99664E6B337 /* Pods_Barcode_Scanner__iOS_.framework */,
				3A5C811FCECA340B4B3707E8 /* Pods_Barcode_Scanner__macOS_.framework */,
			);
			name = Frameworks;
			sourceTree = "<group>";
		};
		D13712B181E28FEFCFEAFF73 /* Pods */ = {
			isa = PBXGroup;
			children = (
				F690F0E5997DB3E6F39E3E51 /* Pods-Barcode Scanner (iOS).debug.xcconfig */,
				15ED7D1AE98B4642ACF5B948 /* Pods-Barcode Scanner (iOS).release.xcconfig */,
				8BDA1AFAC556A5C833D0BFBD /* Pods-Barcode Scanner (macOS).debug.xcconfig */,
				488CC8E00F3506FFAB43E0D8 /* Pods-Barcode Scanner (macOS).release.xcconfig */,
			);
			path = Pods;
			sourceTree = "<group>";
		};
		EC9590FE9CAB4742AD185E84 /* AmplifyConfig */ = {
			isa = PBXGroup;
			children = (
				406E495F7F6C4BAC8BA80EA1 /* amplifytools.xcconfig */,
				5DC9934037684554A742F948 /* amplifyconfiguration.json */,
				CF25145C78CC46DAAC931EEA /* awsconfiguration.json */,
				EF8A914A25D337B700BBE791 /* schema.graphql */,
			);
			name = AmplifyConfig;
			path = .;
			sourceTree = "<group>";
		};
		EF7D598125CEEAD900B690D3 = {
			isa = PBXGroup;
			children = (
				8515E48A10C54784A420863D /* AmplifyModels */,
				EC9590FE9CAB4742AD185E84 /* AmplifyConfig */,
				EF7D598625CEEAD900B690D3 /* Shared */,
				EF7D599025CEEAD900B690D3 /* iOS */,
				EF7D599725CEEAD900B690D3 /* macOS */,
				EF7D598F25CEEAD900B690D3 /* Products */,
				D13712B181E28FEFCFEAFF73 /* Pods */,
				B822AB050C2BA8E0D39D87A3 /* Frameworks */,
			);
			sourceTree = "<group>";
		};
		EF7D598625CEEAD900B690D3 /* Shared */ = {
			isa = PBXGroup;
			children = (
				EFF49CB725D1CA9700DE6631 /* Model */,
				EFF49CAF25D1CA4C00DE6631 /* Utilities */,
				EFF49CA725D1C94000DE6631 /* Manager */,
				EFF49C9F25D1AC8A00DE6631 /* Main */,
				EFF49C9E25D1AC8200DE6631 /* Views */,
				EF7D59AD25CEF28A00B690D3 /* UIKit Components */,
				EF7D59AC25CEF27F00B690D3 /* Screens */,
				EF7D598925CEEAD900B690D3 /* Assets.xcassets */,
			);
			path = Shared;
			sourceTree = "<group>";
		};
		EF7D598F25CEEAD900B690D3 /* Products */ = {
			isa = PBXGroup;
			children = (
				EF7D598E25CEEAD900B690D3 /* Barcode Scanner.app */,
				EF7D599625CEEAD900B690D3 /* Barcode Scanner.app */,
			);
			name = Products;
			sourceTree = "<group>";
		};
		EF7D599025CEEAD900B690D3 /* iOS */ = {
			isa = PBXGroup;
			children = (
				EF7D599125CEEAD900B690D3 /* Info.plist */,
			);
			path = iOS;
			sourceTree = "<group>";
		};
		EF7D599725CEEAD900B690D3 /* macOS */ = {
			isa = PBXGroup;
			children = (
				EF7D599825CEEAD900B690D3 /* Info.plist */,
				EF7D599925CEEAD900B690D3 /* macOS.entitlements */,
			);
			path = macOS;
			sourceTree = "<group>";
		};
		EF7D59AC25CEF27F00B690D3 /* Screens */ = {
			isa = PBXGroup;
			children = (
				EF800D1F25D2C57E00767EFF /* ProductDetailView */,
				EF800D1E25D2C56D00767EFF /* BarcodeScannerView */,
			);
			path = Screens;
			sourceTree = "<group>";
		};
		EF7D59AD25CEF28A00B690D3 /* UIKit Components */ = {
			isa = PBXGroup;
			children = (
				EF7D59AE25CEF29500B690D3 /* ScannerVC.swift */,
			);
			path = "UIKit Components";
			sourceTree = "<group>";
		};
		EF800D1E25D2C56D00767EFF /* BarcodeScannerView */ = {
			isa = PBXGroup;
			children = (
				EF7D598825CEEAD900B690D3 /* BarcodeScannerView.swift */,
				EF800D2325D2C5AD00767EFF /* BarcodeScannerViewModel.swift */,
			);
			path = BarcodeScannerView;
			sourceTree = "<group>";
		};
		EF800D1F25D2C57E00767EFF /* ProductDetailView */ = {
			isa = PBXGroup;
			children = (
				EFF49CA225D1C85800DE6631 /* ProductDetail.swift */,
			);
			path = ProductDetailView;
			sourceTree = "<group>";
		};
		EFF49C9E25D1AC8200DE6631 /* Views */ = {
			isa = PBXGroup;
			children = (
				EFF49C9925D18F3F00DE6631 /* ScannerView.swift */,
			);
			path = Views;
			sourceTree = "<group>";
		};
		EFF49C9F25D1AC8A00DE6631 /* Main */ = {
			isa = PBXGroup;
			children = (
				EF7D598725CEEAD900B690D3 /* Barcode_ScannerApp.swift */,
			);
			path = Main;
			sourceTree = "<group>";
		};
		EFF49CA725D1C94000DE6631 /* Manager */ = {
			isa = PBXGroup;
			children = (
				EFF49CA825D1C94B00DE6631 /* NetworkManager.swift */,
			);
			path = Manager;
			sourceTree = "<group>";
		};
		EFF49CAF25D1CA4C00DE6631 /* Utilities */ = {
			isa = PBXGroup;
			children = (
				EFF49CB025D1CA5E00DE6631 /* ScanError.swift */,
			);
			path = Utilities;
			sourceTree = "<group>";
		};
		EFF49CB725D1CA9700DE6631 /* Model */ = {
			isa = PBXGroup;
			children = (
				EFF49CB825D1CAA000DE6631 /* Item.swift */,
			);
			path = Model;
			sourceTree = "<group>";
		};
		8515E48A10C54784A420863D /* AmplifyModels */ = {
			isa = PBXGroup;
			children = (
				6F5E22FFCB0843AEB962A71C /* AmplifyModels.swift */,
				64AEA0C4D89745B49E00D284 /* ProductStored.swift */,
				7C80B86E5EC545098FCD32B2 /* ProductStored+Schema.swift */,
			);
			name = AmplifyModels;
			path = .;
			sourceTree = "<group>";
		};
		C11FE0F0E2F349839E7C10D7 /* Resources */ = {
			isa = PBXGroup;
			children = (
			);
			name = Resources;
			path = undefined;
			sourceTree = "<group>";
		};
/* End PBXGroup section */

/* Begin PBXNativeTarget section */
		EF7D598D25CEEAD900B690D3 /* Barcode Scanner (iOS) */ = {
			isa = PBXNativeTarget;
			buildConfigurationList = EF7D59A225CEEAD900B690D3 /* Build configuration list for PBXNativeTarget "Barcode Scanner (iOS)" */;
			buildPhases = (
				3162D30725C8A3F9478EE3DF /* [CP] Check Pods Manifest.lock */,
				EF7D598A25CEEAD900B690D3 /* Sources */,
				EF7D598B25CEEAD900B690D3 /* Frameworks */,
				EF7D598C25CEEAD900B690D3 /* Resources */,
				77A0DE5198AA419C8DF8465A /* [CP] Embed Pods Frameworks */,
				EF8A912C25D3305500BBE791 /* ShellScript */,
			);
			buildRules = (
			);
			dependencies = (
			);
			name = "Barcode Scanner (iOS)";
			productName = "Barcode Scanner (iOS)";
			productReference = EF7D598E25CEEAD900B690D3 /* Barcode Scanner.app */;
			productType = "com.apple.product-type.application";
		};
		EF7D599525CEEAD900B690D3 /* Barcode Scanner (macOS) */ = {
			isa = PBXNativeTarget;
			buildConfigurationList = EF7D59A525CEEAD900B690D3 /* Build configuration list for PBXNativeTarget "Barcode Scanner (macOS)" */;
			buildPhases = (
				E1E53F716A2F2BFC5688C45B /* [CP] Check Pods Manifest.lock */,
				EF7D599225CEEAD900B690D3 /* Sources */,
				EF7D599325CEEAD900B690D3 /* Frameworks */,
				EF7D599425CEEAD900B690D3 /* Resources */,
			);
			buildRules = (
			);
			dependencies = (
			);
			name = "Barcode Scanner (macOS)";
			productName = "Barcode Scanner (macOS)";
			productReference = EF7D599625CEEAD900B690D3 /* Barcode Scanner.app */;
			productType = "com.apple.product-type.application";
		};
/* End PBXNativeTarget section */

/* Begin PBXProject section */
		EF7D598225CEEAD900B690D3 /* Project object */ = {
			isa = PBXProject;
			attributes = {
				LastSwiftUpdateCheck = 1240;
				LastUpgradeCheck = 1240;
				TargetAttributes = {
					EF7D598D25CEEAD900B690D3 = {
						CreatedOnToolsVersion = 12.4;
					};
					EF7D599525CEEAD900B690D3 = {
						CreatedOnToolsVersion = 12.4;
					};
				};
			};
			buildConfigurationList = EF7D598525CEEAD900B690D3 /* Build configuration list for PBXProject "Barcode Scanner" */;
			compatibilityVersion = "Xcode 9.3";
			developmentRegion = en;
			hasScannedForEncodings = 0;
			knownRegions = (
				en,
				Base,
			);
			mainGroup = EF7D598125CEEAD900B690D3;
			productRefGroup = EF7D598F25CEEAD900B690D3 /* Products */;
			projectDirPath = "";
			projectRoot = "";
			targets = (
				EF7D598D25CEEAD900B690D3 /* Barcode Scanner (iOS) */,
				EF7D599525CEEAD900B690D3 /* Barcode Scanner (macOS) */,
			);
		};
/* End PBXProject section */

/* Begin PBXResourcesBuildPhase section */
		EF7D598C25CEEAD900B690D3 /* Resources */ = {
			isa = PBXResourcesBuildPhase;
			buildActionMask = 2147483647;
			files = (
				EF8A914B25D337B700BBE791 /* schema.graphql in Resources */,
				EF7D599E25CEEAD900B690D3 /* Assets.xcassets in Resources */,
				DF11B732C4B841F6A4834B0F /* amplifyconfiguration.json in Resources */,
				F5193439E4D4438C9DFEB01B /* awsconfiguration.json in Resources */,
			);
			runOnlyForDeploymentPostprocessing = 0;
		};
		EF7D599425CEEAD900B690D3 /* Resources */ = {
			isa = PBXResourcesBuildPhase;
			buildActionMask = 2147483647;
			files = (
				EF7D599F25CEEAD900B690D3 /* Assets.xcassets in Resources */,
			);
			runOnlyForDeploymentPostprocessing = 0;
		};
/* End PBXResourcesBuildPhase section */

/* Begin PBXShellScriptBuildPhase section */
		3162D30725C8A3F9478EE3DF /* [CP] Check Pods Manifest.lock */ = {
			isa = PBXShellScriptBuildPhase;
			buildActionMask = 2147483647;
			files = (
			);
			inputFileListPaths = (
			);
			inputPaths = (
				"${PODS_PODFILE_DIR_PATH}/Podfile.lock",
				"${PODS_ROOT}/Manifest.lock",
			);
			name = "[CP] Check Pods Manifest.lock";
			outputFileListPaths = (
			);
			outputPaths = (
				"$(DERIVED_FILE_DIR)/Pods-Barcode Scanner (iOS)-checkManifestLockResult.txt",
			);
			runOnlyForDeploymentPostprocessing = 0;
			shellPath = /bin/sh;
			shellScript = "diff \"${PODS_PODFILE_DIR_PATH}/Podfile.lock\" \"${PODS_ROOT}/Manifest.lock\" > /dev/null\nif [ $? != 0 ] ; then\n    # print error to STDERR\n    echo \"error: The sandbox is not in sync with the Podfile.lock. Run 'pod install' or update your CocoaPods installation.\" >&2\n    exit 1\nfi\n# This output is used by Xcode 'outputs' to avoid re-running this script phase.\necho \"SUCCESS\" > \"${SCRIPT_OUTPUT_FILE_0}\"\n";
			showEnvVarsInLog = 0;
		};
		77A0DE5198AA419C8DF8465A /* [CP] Embed Pods Frameworks */ = {
			isa = PBXShellScriptBuildPhase;
			buildActionMask = 2147483647;
			files = (
			);
			inputFileListPaths = (
				"${PODS_ROOT}/Target Support Files/Pods-Barcode Scanner (iOS)/Pods-Barcode Scanner (iOS)-frameworks-${CONFIGURATION}-input-files.xcfilelist",
			);
			name = "[CP] Embed Pods Frameworks";
			outputFileListPaths = (
				"${PODS_ROOT}/Target Support Files/Pods-Barcode Scanner (iOS)/Pods-Barcode Scanner (iOS)-frameworks-${CONFIGURATION}-output-files.xcfilelist",
			);
			runOnlyForDeploymentPostprocessing = 0;
			shellPath = /bin/sh;
			shellScript = "\"${PODS_ROOT}/Target Support Files/Pods-Barcode Scanner (iOS)/Pods-Barcode Scanner (iOS)-frameworks.sh\"\n";
			showEnvVarsInLog = 0;
		};
		E1E53F716A2F2BFC5688C45B /* [CP] Check Pods Manifest.lock */ = {
			isa = PBXShellScriptBuildPhase;
			buildActionMask = 2147483647;
			files = (
			);
			inputFileListPaths = (
			);
			inputPaths = (
				"${PODS_PODFILE_DIR_PATH}/Podfile.lock",
				"${PODS_ROOT}/Manifest.lock",
			);
			name = "[CP] Check Pods Manifest.lock";
			outputFileListPaths = (
			);
			outputPaths = (
				"$(DERIVED_FILE_DIR)/Pods-Barcode Scanner (macOS)-checkManifestLockResult.txt",
			);
			runOnlyForDeploymentPostprocessing = 0;
			shellPath = /bin/sh;
			shellScript = "diff \"${PODS_PODFILE_DIR_PATH}/Podfile.lock\" \"${PODS_ROOT}/Manifest.lock\" > /dev/null\nif [ $? != 0 ] ; then\n    # print error to STDERR\n    echo \"error: The sandbox is not in sync with the Podfile.lock. Run 'pod install' or update your CocoaPods installation.\" >&2\n    exit 1\nfi\n# This output is used by Xcode 'outputs' to avoid re-running this script phase.\necho \"SUCCESS\" > \"${SCRIPT_OUTPUT_FILE_0}\"\n";
			showEnvVarsInLog = 0;
		};
		EF8A912C25D3305500BBE791 /* ShellScript */ = {
			isa = PBXShellScriptBuildPhase;
			buildActionMask = 2147483647;
			files = (
			);
			inputFileListPaths = (
			);
			inputPaths = (
			);
			outputFileListPaths = (
			);
			outputPaths = (
			);
			runOnlyForDeploymentPostprocessing = 0;
			shellPath = /bin/sh;
			shellScript = "# Type a script or drag a script file from your workspace to insert its path.\n\"${PODS_ROOT}/AmplifyTools/amplify-tools.sh\"\n";
		};
/* End PBXShellScriptBuildPhase section */

/* Begin PBXSourcesBuildPhase section */
		EF7D598A25CEEAD900B690D3 /* Sources */ = {
			isa = PBXSourcesBuildPhase;
			buildActionMask = 2147483647;
			files = (
				EFF49CA925D1C94B00DE6631 /* NetworkManager.swift in Sources */,
				EFF49CB925D1CAA000DE6631 /* Item.swift in Sources */,
				EF7D59AF25CEF29500B690D3 /* ScannerVC.swift in Sources */,
				EFF49CA325D1C85800DE6631 /* ProductDetail.swift in Sources */,
				EFF49C9A25D18F3F00DE6631 /* ScannerView.swift in Sources */,
				EFF49CB125D1CA5E00DE6631 /* ScanError.swift in Sources */,
				EF800D2425D2C5AD00767EFF /* BarcodeScannerViewModel.swift in Sources */,
				EF7D599C25CEEAD900B690D3 /* BarcodeScannerView.swift in Sources */,
				EF7D599A25CEEAD900B690D3 /* Barcode_ScannerApp.swift in Sources */,
				A925795B1A7F4189AF55A816 /* AmplifyModels.swift in Sources */,
				2034A85587294E52B031D4C1 /* ProductStored.swift in Sources */,
				71CE3A3F060641E0B814684E /* ProductStored+Schema.swift in Sources */,
			);
			runOnlyForDeploymentPostprocessing = 0;
		};
		EF7D599225CEEAD900B690D3 /* Sources */ = {
			isa = PBXSourcesBuildPhase;
			buildActionMask = 2147483647;
			files = (
				EFF49C9B25D18F3F00DE6631 /* ScannerView.swift in Sources */,
				EF7D599D25CEEAD900B690D3 /* BarcodeScannerView.swift in Sources */,
				EFF49CAA25D1C94B00DE6631 /* NetworkManager.swift in Sources */,
				EFF49CA425D1C85800DE6631 /* ProductDetail.swift in Sources */,
				EF7D599B25CEEAD900B690D3 /* Barcode_ScannerApp.swift in Sources */,
				EFF49CB225D1CA5E00DE6631 /* ScanError.swift in Sources */,
				EF800D2525D2C5AD00767EFF /* BarcodeScannerViewModel.swift in Sources */,
				EFF49CBA25D1CAA000DE6631 /* Item.swift in Sources */,
			);
			runOnlyForDeploymentPostprocessing = 0;
		};
/* End PBXSourcesBuildPhase section */

/* Begin XCBuildConfiguration section */
		EF7D59A025CEEAD900B690D3 /* Debug */ = {
			isa = XCBuildConfiguration;
			buildSettings = {
				ALWAYS_SEARCH_USER_PATHS = NO;
				CLANG_ANALYZER_NONNULL = YES;
				CLANG_ANALYZER_NUMBER_OBJECT_CONVERSION = YES_AGGRESSIVE;
				CLANG_CXX_LANGUAGE_STANDARD = "gnu++14";
				CLANG_CXX_LIBRARY = "libc++";
				CLANG_ENABLE_MODULES = YES;
				CLANG_ENABLE_OBJC_ARC = YES;
				CLANG_ENABLE_OBJC_WEAK = YES;
				CLANG_WARN_BLOCK_CAPTURE_AUTORELEASING = YES;
				CLANG_WARN_BOOL_CONVERSION = YES;
				CLANG_WARN_COMMA = YES;
				CLANG_WARN_CONSTANT_CONVERSION = YES;
				CLANG_WARN_DEPRECATED_OBJC_IMPLEMENTATIONS = YES;
				CLANG_WARN_DIRECT_OBJC_ISA_USAGE = YES_ERROR;
				CLANG_WARN_DOCUMENTATION_COMMENTS = YES;
				CLANG_WARN_EMPTY_BODY = YES;
				CLANG_WARN_ENUM_CONVERSION = YES;
				CLANG_WARN_INFINITE_RECURSION = YES;
				CLANG_WARN_INT_CONVERSION = YES;
				CLANG_WARN_NON_LITERAL_NULL_CONVERSION = YES;
				CLANG_WARN_OBJC_IMPLICIT_RETAIN_SELF = YES;
				CLANG_WARN_OBJC_LITERAL_CONVERSION = YES;
				CLANG_WARN_OBJC_ROOT_CLASS = YES_ERROR;
				CLANG_WARN_QUOTED_INCLUDE_IN_FRAMEWORK_HEADER = YES;
				CLANG_WARN_RANGE_LOOP_ANALYSIS = YES;
				CLANG_WARN_STRICT_PROTOTYPES = YES;
				CLANG_WARN_SUSPICIOUS_MOVE = YES;
				CLANG_WARN_UNGUARDED_AVAILABILITY = YES_AGGRESSIVE;
				CLANG_WARN_UNREACHABLE_CODE = YES;
				CLANG_WARN__DUPLICATE_METHOD_MATCH = YES;
				COPY_PHASE_STRIP = NO;
				DEBUG_INFORMATION_FORMAT = dwarf;
				ENABLE_STRICT_OBJC_MSGSEND = YES;
				ENABLE_TESTABILITY = YES;
				GCC_C_LANGUAGE_STANDARD = gnu11;
				GCC_DYNAMIC_NO_PIC = NO;
				GCC_NO_COMMON_BLOCKS = YES;
				GCC_OPTIMIZATION_LEVEL = 0;
				GCC_PREPROCESSOR_DEFINITIONS = (
					"DEBUG=1",
					"$(inherited)",
				);
				GCC_WARN_64_TO_32_BIT_CONVERSION = YES;
				GCC_WARN_ABOUT_RETURN_TYPE = YES_ERROR;
				GCC_WARN_UNDECLARED_SELECTOR = YES;
				GCC_WARN_UNINITIALIZED_AUTOS = YES_AGGRESSIVE;
				GCC_WARN_UNUSED_FUNCTION = YES;
				GCC_WARN_UNUSED_VARIABLE = YES;
				MTL_ENABLE_DEBUG_INFO = INCLUDE_SOURCE;
				MTL_FAST_MATH = YES;
				ONLY_ACTIVE_ARCH = YES;
				SWIFT_ACTIVE_COMPILATION_CONDITIONS = DEBUG;
				SWIFT_OPTIMIZATION_LEVEL = "-Onone";
			};
			name = Debug;
		};
		EF7D59A125CEEAD900B690D3 /* Release */ = {
			isa = XCBuildConfiguration;
			buildSettings = {
				ALWAYS_SEARCH_USER_PATHS = NO;
				CLANG_ANALYZER_NONNULL = YES;
				CLANG_ANALYZER_NUMBER_OBJECT_CONVERSION = YES_AGGRESSIVE;
				CLANG_CXX_LANGUAGE_STANDARD = "gnu++14";
				CLANG_CXX_LIBRARY = "libc++";
				CLANG_ENABLE_MODULES = YES;
				CLANG_ENABLE_OBJC_ARC = YES;
				CLANG_ENABLE_OBJC_WEAK = YES;
				CLANG_WARN_BLOCK_CAPTURE_AUTORELEASING = YES;
				CLANG_WARN_BOOL_CONVERSION = YES;
				CLANG_WARN_COMMA = YES;
				CLANG_WARN_CONSTANT_CONVERSION = YES;
				CLANG_WARN_DEPRECATED_OBJC_IMPLEMENTATIONS = YES;
				CLANG_WARN_DIRECT_OBJC_ISA_USAGE = YES_ERROR;
				CLANG_WARN_DOCUMENTATION_COMMENTS = YES;
				CLANG_WARN_EMPTY_BODY = YES;
				CLANG_WARN_ENUM_CONVERSION = YES;
				CLANG_WARN_INFINITE_RECURSION = YES;
				CLANG_WARN_INT_CONVERSION = YES;
				CLANG_WARN_NON_LITERAL_NULL_CONVERSION = YES;
				CLANG_WARN_OBJC_IMPLICIT_RETAIN_SELF = YES;
				CLANG_WARN_OBJC_LITERAL_CONVERSION = YES;
				CLANG_WARN_OBJC_ROOT_CLASS = YES_ERROR;
				CLANG_WARN_QUOTED_INCLUDE_IN_FRAMEWORK_HEADER = YES;
				CLANG_WARN_RANGE_LOOP_ANALYSIS = YES;
				CLANG_WARN_STRICT_PROTOTYPES = YES;
				CLANG_WARN_SUSPICIOUS_MOVE = YES;
				CLANG_WARN_UNGUARDED_AVAILABILITY = YES_AGGRESSIVE;
				CLANG_WARN_UNREACHABLE_CODE = YES;
				CLANG_WARN__DUPLICATE_METHOD_MATCH = YES;
				COPY_PHASE_STRIP = NO;
				DEBUG_INFORMATION_FORMAT = "dwarf-with-dsym";
				ENABLE_NS_ASSERTIONS = NO;
				ENABLE_STRICT_OBJC_MSGSEND = YES;
				GCC_C_LANGUAGE_STANDARD = gnu11;
				GCC_NO_COMMON_BLOCKS = YES;
				GCC_WARN_64_TO_32_BIT_CONVERSION = YES;
				GCC_WARN_ABOUT_RETURN_TYPE = YES_ERROR;
				GCC_WARN_UNDECLARED_SELECTOR = YES;
				GCC_WARN_UNINITIALIZED_AUTOS = YES_AGGRESSIVE;
				GCC_WARN_UNUSED_FUNCTION = YES;
				GCC_WARN_UNUSED_VARIABLE = YES;
				MTL_ENABLE_DEBUG_INFO = NO;
				MTL_FAST_MATH = YES;
				SWIFT_COMPILATION_MODE = wholemodule;
				SWIFT_OPTIMIZATION_LEVEL = "-O";
			};
			name = Release;
		};
		EF7D59A325CEEAD900B690D3 /* Debug */ = {
			isa = XCBuildConfiguration;
			baseConfigurationReference = F690F0E5997DB3E6F39E3E51 /* Pods-Barcode Scanner (iOS).debug.xcconfig */;
			buildSettings = {
				ASSETCATALOG_COMPILER_APPICON_NAME = AppIcon;
				ASSETCATALOG_COMPILER_GLOBAL_ACCENT_COLOR_NAME = AccentColor;
				CODE_SIGN_STYLE = Automatic;
				DEVELOPMENT_TEAM = 9HHDDYFD2W;
				ENABLE_PREVIEWS = YES;
				INFOPLIST_FILE = iOS/Info.plist;
				IPHONEOS_DEPLOYMENT_TARGET = 14.0;
				LD_RUNPATH_SEARCH_PATHS = (
					"$(inherited)",
					"@executable_path/Frameworks",
				);
				PRODUCT_BUNDLE_IDENTIFIER = "SillyGoose.Barcode-Scanner";
				PRODUCT_NAME = "Barcode Scanner";
				SDKROOT = iphoneos;
				SWIFT_VERSION = 5.0;
				TARGETED_DEVICE_FAMILY = "1,2";
			};
			name = Debug;
		};
		EF7D59A425CEEAD900B690D3 /* Release */ = {
			isa = XCBuildConfiguration;
			baseConfigurationReference = 15ED7D1AE98B4642ACF5B948 /* Pods-Barcode Scanner (iOS).release.xcconfig */;
			buildSettings = {
				ASSETCATALOG_COMPILER_APPICON_NAME = AppIcon;
				ASSETCATALOG_COMPILER_GLOBAL_ACCENT_COLOR_NAME = AccentColor;
				CODE_SIGN_STYLE = Automatic;
				DEVELOPMENT_TEAM = 9HHDDYFD2W;
				ENABLE_PREVIEWS = YES;
				INFOPLIST_FILE = iOS/Info.plist;
				IPHONEOS_DEPLOYMENT_TARGET = 14.0;
				LD_RUNPATH_SEARCH_PATHS = (
					"$(inherited)",
					"@executable_path/Frameworks",
				);
				PRODUCT_BUNDLE_IDENTIFIER = "SillyGoose.Barcode-Scanner";
				PRODUCT_NAME = "Barcode Scanner";
				SDKROOT = iphoneos;
				SWIFT_VERSION = 5.0;
				TARGETED_DEVICE_FAMILY = "1,2";
				VALIDATE_PRODUCT = YES;
			};
			name = Release;
		};
		EF7D59A625CEEAD900B690D3 /* Debug */ = {
			isa = XCBuildConfiguration;
			baseConfigurationReference = 8BDA1AFAC556A5C833D0BFBD /* Pods-Barcode Scanner (macOS).debug.xcconfig */;
			buildSettings = {
				ASSETCATALOG_COMPILER_APPICON_NAME = AppIcon;
				ASSETCATALOG_COMPILER_GLOBAL_ACCENT_COLOR_NAME = AccentColor;
				CODE_SIGN_ENTITLEMENTS = macOS/macOS.entitlements;
				CODE_SIGN_STYLE = Automatic;
				COMBINE_HIDPI_IMAGES = YES;
				DEVELOPMENT_TEAM = 9HHDDYFD2W;
				ENABLE_HARDENED_RUNTIME = YES;
				ENABLE_PREVIEWS = YES;
				INFOPLIST_FILE = macOS/Info.plist;
				LD_RUNPATH_SEARCH_PATHS = (
					"$(inherited)",
					"@executable_path/../Frameworks",
				);
				MACOSX_DEPLOYMENT_TARGET = 11.0;
				PRODUCT_BUNDLE_IDENTIFIER = "SillyGoose.Barcode-Scanner";
				PRODUCT_NAME = "Barcode Scanner";
				SDKROOT = macosx;
				SWIFT_VERSION = 5.0;
			};
			name = Debug;
		};
		EF7D59A725CEEAD900B690D3 /* Release */ = {
			isa = XCBuildConfiguration;
			baseConfigurationReference = 488CC8E00F3506FFAB43E0D8 /* Pods-Barcode Scanner (macOS).release.xcconfig */;
			buildSettings = {
				ASSETCATALOG_COMPILER_APPICON_NAME = AppIcon;
				ASSETCATALOG_COMPILER_GLOBAL_ACCENT_COLOR_NAME = AccentColor;
				CODE_SIGN_ENTITLEMENTS = macOS/macOS.entitlements;
				CODE_SIGN_STYLE = Automatic;
				COMBINE_HIDPI_IMAGES = YES;
				DEVELOPMENT_TEAM = 9HHDDYFD2W;
				ENABLE_HARDENED_RUNTIME = YES;
				ENABLE_PREVIEWS = YES;
				INFOPLIST_FILE = macOS/Info.plist;
				LD_RUNPATH_SEARCH_PATHS = (
					"$(inherited)",
					"@executable_path/../Frameworks",
				);
				MACOSX_DEPLOYMENT_TARGET = 11.0;
				PRODUCT_BUNDLE_IDENTIFIER = "SillyGoose.Barcode-Scanner";
				PRODUCT_NAME = "Barcode Scanner";
				SDKROOT = macosx;
				SWIFT_VERSION = 5.0;
			};
			name = Release;
		};
/* End XCBuildConfiguration section */

/* Begin XCConfigurationList section */
		EF7D598525CEEAD900B690D3 /* Build configuration list for PBXProject "Barcode Scanner" */ = {
			isa = XCConfigurationList;
			buildConfigurations = (
				EF7D59A025CEEAD900B690D3 /* Debug */,
				EF7D59A125CEEAD900B690D3 /* Release */,
			);
			defaultConfigurationIsVisible = 0;
			defaultConfigurationName = Release;
		};
		EF7D59A225CEEAD900B690D3 /* Build configuration list for PBXNativeTarget "Barcode Scanner (iOS)" */ = {
			isa = XCConfigurationList;
			buildConfigurations = (
				EF7D59A325CEEAD900B690D3 /* Debug */,
				EF7D59A425CEEAD900B690D3 /* Release */,
			);
			defaultConfigurationIsVisible = 0;
			defaultConfigurationName = Release;
		};
		EF7D59A525CEEAD900B690D3 /* Build configuration list for PBXNativeTarget "Barcode Scanner (macOS)" */ = {
			isa = XCConfigurationList;
			buildConfigurations = (
				EF7D59A625CEEAD900B690D3 /* Debug */,
				EF7D59A725CEEAD900B690D3 /* Release */,
			);
			defaultConfigurationIsVisible = 0;
			defaultConfigurationName = Release;
		};
/* End XCConfigurationList section */
	};
	rootObject = EF7D598225CEEAD900B690D3 /* Project object */;
}
